
Microsoft Visual Studio Solution File, Format Version 12.00
# Visual Studio Version 17
VisualStudioVersion = 17.1.32210.238
MinimumVisualStudioVersion = 10.0.40219.1
Project("{FAE04EC0-301F-11D3-BF4B-00C04F79EFBC}") = "CommandQueryResponsiblePattern", "CommandQueryResponsiblePattern\CommandQueryResponsiblePattern.csproj", "{58582584-54DE-4CBE-8447-0AF45FAA2A39}"
EndProject
Global
	GlobalSection(SolutionConfigurationPlatforms) = preSolution
		Debug|Any CPU = Debug|Any CPU
		Release|Any CPU = Release|Any CPU
	EndGlobalSection
	GlobalSection(ProjectConfigurationPlatforms) = postSolution
		{58582584-54DE-4CBE-8447-0AF45FAA2A39}.Debug|Any CPU.ActiveCfg = Debug|Any CPU
		{58582584-54DE-4CBE-8447-0AF45FAA2A39}.Debug|Any CPU.Build.0 = Debug|Any CPU
		{58582584-54DE-4CBE-8447-0AF45FAA2A39}.Release|Any CPU.ActiveCfg = Release|Any CPU
		{58582584-54DE-4CBE-8447-0AF45FAA2A39}.Release|Any CPU.Build.0 = Release|Any CPU
	EndGlobalSection
	GlobalSection(SolutionProperties) = preSolution
		HideSolutionNode = FALSE
	EndGlobalSection
	GlobalSection(ExtensibilityGlobals) = postSolution
		SolutionGuid = {057695EF-02A7-41BE-928D-3B0C8D9CB38D}
	EndGlobalSection
EndGlobal
